
Microsoft Visual Studio Solution File, Format Version 12.00
# Visual Studio Version 17
VisualStudioVersion = 17.5.33516.290
MinimumVisualStudioVersion = 10.0.40219.1
Project("{9A19103F-16F7-4668-BE54-9A1E7A4F7556}") = "CNet.Common", "CNet.Common\CNet.Common.csproj", "{9006EC3A-9F46-4559-BB95-8FC6D45DC3A9}"
EndProject
Project("{FAE04EC0-301F-11D3-BF4B-00C04F79EFBC}") = "WebApiDemo", "..\WebApiDemo\WebApiDemo.csproj", "{5CC9C9CE-E219-420E-8E71-DC29EC9E68B0}"
EndProject
Global
	GlobalSection(SolutionConfigurationPlatforms) = preSolution
		Debug|Any CPU = Debug|Any CPU
		Release|Any CPU = Release|Any CPU
	EndGlobalSection
	GlobalSection(ProjectConfigurationPlatforms) = postSolution
		{9006EC3A-9F46-4559-BB95-8FC6D45DC3A9}.Debug|Any CPU.ActiveCfg = Debug|Any CPU
		{9006EC3A-9F46-4559-BB95-8FC6D45DC3A9}.Debug|Any CPU.Build.0 = Debug|Any CPU
		{9006EC3A-9F46-4559-BB95-8FC6D45DC3A9}.Release|Any CPU.ActiveCfg = Release|Any CPU
		{9006EC3A-9F46-4559-BB95-8FC6D45DC3A9}.Release|Any CPU.Build.0 = Release|Any CPU
		{5CC9C9CE-E219-420E-8E71-DC29EC9E68B0}.Debug|Any CPU.ActiveCfg = Debug|Any CPU
		{5CC9C9CE-E219-420E-8E71-DC29EC9E68B0}.Debug|Any CPU.Build.0 = Debug|Any CPU
		{5CC9C9CE-E219-420E-8E71-DC29EC9E68B0}.Release|Any CPU.ActiveCfg = Release|Any CPU
		{5CC9C9CE-E219-420E-8E71-DC29EC9E68B0}.Release|Any CPU.Build.0 = Release|Any CPU
	EndGlobalSection
	GlobalSection(SolutionProperties) = preSolution
		HideSolutionNode = FALSE
	EndGlobalSection
	GlobalSection(ExtensibilityGlobals) = postSolution
		SolutionGuid = {46B89759-C64A-4449-9DC4-C4B090FC37B4}
	EndGlobalSection
EndGlobal
